// !$*UTF8*$!
{
	archiveVersion = 1;
	classes = {
	};
	objectVersion = 46;
	objects = {

/* Begin PBXBuildFile section */
		F0C682A41F35B35500352181 /* AppDelegate.swift in Sources */ = {isa = PBXBuildFile; fileRef = F0C682A31F35B35500352181 /* AppDelegate.swift */; };
		F0C682A61F35B35500352181 /* ViewController.swift in Sources */ = {isa = PBXBuildFile; fileRef = F0C682A51F35B35500352181 /* ViewController.swift */; };
		F0C682A91F35B35500352181 /* Main.storyboard in Resources */ = {isa = PBXBuildFile; fileRef = F0C682A71F35B35500352181 /* Main.storyboard */; };
		F0C682AC1F35B35500352181 /* Assignement.xcdatamodeld in Sources */ = {isa = PBXBuildFile; fileRef = F0C682AA1F35B35500352181 /* Assignement.xcdatamodeld */; };
		F0C682AE1F35B35500352181 /* Assets.xcassets in Resources */ = {isa = PBXBuildFile; fileRef = F0C682AD1F35B35500352181 /* Assets.xcassets */; };
		F0C682B11F35B35500352181 /* LaunchScreen.storyboard in Resources */ = {isa = PBXBuildFile; fileRef = F0C682AF1F35B35500352181 /* LaunchScreen.storyboard */; };
		F0C682BC1F35B35500352181 /* AssignementTests.swift in Sources */ = {isa = PBXBuildFile; fileRef = F0C682BB1F35B35500352181 /* AssignementTests.swift */; };
		F0C682C71F35B35500352181 /* AssignementUITests.swift in Sources */ = {isa = PBXBuildFile; fileRef = F0C682C61F35B35500352181 /* AssignementUITests.swift */; };
		F0C682D61F35B57B00352181 /* libsqlite3.tbd in Frameworks */ = {isa = PBXBuildFile; fileRef = F0C682D51F35B57B00352181 /* libsqlite3.tbd */; };
		F0C682D81F35B7C900352181 /* DatabaseManager.swift in Sources */ = {isa = PBXBuildFile; fileRef = F0C682D71F35B7C900352181 /* DatabaseManager.swift */; };
		F0C682DD1F35BAC800352181 /* Database in Resources */ = {isa = PBXBuildFile; fileRef = F0C682DC1F35BAC800352181 /* Database */; };
		F0C682DF1F3638D900352181 /* AddUserViewController.swift in Sources */ = {isa = PBXBuildFile; fileRef = F0C682DE1F3638D900352181 /* AddUserViewController.swift */; };
/* End PBXBuildFile section */

/* Begin PBXContainerItemProxy section */
		F0C682B81F35B35500352181 /* PBXContainerItemProxy */ = {
			isa = PBXContainerItemProxy;
			containerPortal = F0C682981F35B35500352181 /* Project object */;
			proxyType = 1;
			remoteGlobalIDString = F0C6829F1F35B35500352181;
			remoteInfo = Assignement;
		};
		F0C682C31F35B35500352181 /* PBXContainerItemProxy */ = {
			isa = PBXContainerItemProxy;
			containerPortal = F0C682981F35B35500352181 /* Project object */;
			proxyType = 1;
			remoteGlobalIDString = F0C6829F1F35B35500352181;
			remoteInfo = Assignement;
		};
/* End PBXContainerItemProxy section */

/* Begin PBXFileReference section */
		F0C682A01F35B35500352181 /* Assignement.app */ = {isa = PBXFileReference; explicitFileType = wrapper.application; includeInIndex = 0; path = Assignement.app; sourceTree = BUILT_PRODUCTS_DIR; };
		F0C682A31F35B35500352181 /* AppDelegate.swift */ = {isa = PBXFileReference; lastKnownFileType = sourcecode.swift; path = AppDelegate.swift; sourceTree = "<group>"; };
		F0C682A51F35B35500352181 /* ViewController.swift */ = {isa = PBXFileReference; lastKnownFileType = sourcecode.swift; path = ViewController.swift; sourceTree = "<group>"; };
		F0C682A81F35B35500352181 /* Base */ = {isa = PBXFileReference; lastKnownFileType = file.storyboard; name = Base; path = Base.lproj/Main.storyboard; sourceTree = "<group>"; };
		F0C682AB1F35B35500352181 /* Assignement.xcdatamodel */ = {isa = PBXFileReference; lastKnownFileType = wrapper.xcdatamodel; path = Assignement.xcdatamodel; sourceTree = "<group>"; };
		F0C682AD1F35B35500352181 /* Assets.xcassets */ = {isa = PBXFileReference; lastKnownFileType = folder.assetcatalog; path = Assets.xcassets; sourceTree = "<group>"; };
		F0C682B01F35B35500352181 /* Base */ = {isa = PBXFileReference; lastKnownFileType = file.storyboard; name = Base; path = Base.lproj/LaunchScreen.storyboard; sourceTree = "<group>"; };
		F0C682B21F35B35500352181 /* Info.plist */ = {isa = PBXFileReference; lastKnownFileType = text.plist.xml; path = Info.plist; sourceTree = "<group>"; };
		F0C682B71F35B35500352181 /* AssignementTests.xctest */ = {isa = PBXFileReference; explicitFileType = wrapper.cfbundle; includeInIndex = 0; path = AssignementTests.xctest; sourceTree = BUILT_PRODUCTS_DIR; };
		F0C682BB1F35B35500352181 /* AssignementTests.swift */ = {isa = PBXFileReference; lastKnownFileType = sourcecode.swift; path = AssignementTests.swift; sourceTree = "<group>"; };
		F0C682BD1F35B35500352181 /* Info.plist */ = {isa = PBXFileReference; lastKnownFileType = text.plist.xml; path = Info.plist; sourceTree = "<group>"; };
		F0C682C21F35B35500352181 /* AssignementUITests.xctest */ = {isa = PBXFileReference; explicitFileType = wrapper.cfbundle; includeInIndex = 0; path = AssignementUITests.xctest; sourceTree = BUILT_PRODUCTS_DIR; };
		F0C682C61F35B35500352181 /* AssignementUITests.swift */ = {isa = PBXFileReference; lastKnownFileType = sourcecode.swift; path = AssignementUITests.swift; sourceTree = "<group>"; };
		F0C682C81F35B35500352181 /* Info.plist */ = {isa = PBXFileReference; lastKnownFileType = text.plist.xml; path = Info.plist; sourceTree = "<group>"; };
		F0C682D51F35B57B00352181 /* libsqlite3.tbd */ = {isa = PBXFileReference; lastKnownFileType = "sourcecode.text-based-dylib-definition"; name = libsqlite3.tbd; path = usr/lib/libsqlite3.tbd; sourceTree = SDKROOT; };
		F0C682D71F35B7C900352181 /* DatabaseManager.swift */ = {isa = PBXFileReference; fileEncoding = 4; lastKnownFileType = sourcecode.swift; path = DatabaseManager.swift; sourceTree = "<group>"; };
		F0C682D91F35B8BB00352181 /* Assignement-Bridging-Header.h */ = {isa = PBXFileReference; lastKnownFileType = sourcecode.c.h; path = "Assignement-Bridging-Header.h"; sourceTree = "<group>"; };
		F0C682DC1F35BAC800352181 /* Database */ = {isa = PBXFileReference; lastKnownFileType = file; path = Database; sourceTree = "<group>"; };
		F0C682DE1F3638D900352181 /* AddUserViewController.swift */ = {isa = PBXFileReference; fileEncoding = 4; lastKnownFileType = sourcecode.swift; path = AddUserViewController.swift; sourceTree = "<group>"; };
/* End PBXFileReference section */

/* Begin PBXFrameworksBuildPhase section */
		F0C6829D1F35B35500352181 /* Frameworks */ = {
			isa = PBXFrameworksBuildPhase;
			buildActionMask = 2147483647;
			files = (
				F0C682D61F35B57B00352181 /* libsqlite3.tbd in Frameworks */,
			);
			runOnlyForDeploymentPostprocessing = 0;
		};
		F0C682B41F35B35500352181 /* Frameworks */ = {
			isa = PBXFrameworksBuildPhase;
			buildActionMask = 2147483647;
			files = (
			);
			runOnlyForDeploymentPostprocessing = 0;
		};
		F0C682BF1F35B35500352181 /* Frameworks */ = {
			isa = PBXFrameworksBuildPhase;
			buildActionMask = 2147483647;
			files = (
			);
			runOnlyForDeploymentPostprocessing = 0;
		};
/* End PBXFrameworksBuildPhase section */

/* Begin PBXGroup section */
		F0C682971F35B35500352181 = {
			isa = PBXGroup;
			children = (
				F0C682A21F35B35500352181 /* Assignement */,
				F0C682BA1F35B35500352181 /* AssignementTests */,
				F0C682C51F35B35500352181 /* AssignementUITests */,
				F0C682A11F35B35500352181 /* Products */,
				F0C682D41F35B57B00352181 /* Frameworks */,
			);
			sourceTree = "<group>";
		};
		F0C682A11F35B35500352181 /* Products */ = {
			isa = PBXGroup;
			children = (
				F0C682A01F35B35500352181 /* Assignement.app */,
				F0C682B71F35B35500352181 /* AssignementTests.xctest */,
				F0C682C21F35B35500352181 /* AssignementUITests.xctest */,
			);
			name = Products;
			sourceTree = "<group>";
		};
		F0C682A21F35B35500352181 /* Assignement */ = {
			isa = PBXGroup;
			children = (
				F0C682DC1F35BAC800352181 /* Database */,
				F0C682A31F35B35500352181 /* AppDelegate.swift */,
				F0C682A51F35B35500352181 /* ViewController.swift */,
				F0C682D71F35B7C900352181 /* DatabaseManager.swift */,
				F0C682A71F35B35500352181 /* Main.storyboard */,
				F0C682AD1F35B35500352181 /* Assets.xcassets */,
				F0C682AF1F35B35500352181 /* LaunchScreen.storyboard */,
				F0C682B21F35B35500352181 /* Info.plist */,
				F0C682AA1F35B35500352181 /* Assignement.xcdatamodeld */,
				F0C682D91F35B8BB00352181 /* Assignement-Bridging-Header.h */,
				F0C682DE1F3638D900352181 /* AddUserViewController.swift */,
			);
			path = Assignement;
			sourceTree = "<group>";
		};
		F0C682BA1F35B35500352181 /* AssignementTests */ = {
			isa = PBXGroup;
			children = (
				F0C682BB1F35B35500352181 /* AssignementTests.swift */,
				F0C682BD1F35B35500352181 /* Info.plist */,
			);
			path = AssignementTests;
			sourceTree = "<group>";
		};
		F0C682C51F35B35500352181 /* AssignementUITests */ = {
			isa = PBXGroup;
			children = (
				F0C682C61F35B35500352181 /* AssignementUITests.swift */,
				F0C682C81F35B35500352181 /* Info.plist */,
			);
			path = AssignementUITests;
			sourceTree = "<group>";
		};
		F0C682D41F35B57B00352181 /* Frameworks */ = {
			isa = PBXGroup;
			children = (
				F0C682D51F35B57B00352181 /* libsqlite3.tbd */,
			);
			name = Frameworks;
			sourceTree = "<group>";
		};
/* End PBXGroup section */

/* Begin PBXNativeTarget section */
		F0C6829F1F35B35500352181 /* Assignement */ = {
			isa = PBXNativeTarget;
			buildConfigurationList = F0C682CB1F35B35500352181 /* Build configuration list for PBXNativeTarget "Assignement" */;
			buildPhases = (
				F0C6829C1F35B35500352181 /* Sources */,
				F0C6829D1F35B35500352181 /* Frameworks */,
				F0C6829E1F35B35500352181 /* Resources */,
			);
			buildRules = (
			);
			dependencies = (
			);
			name = Assignement;
			productName = Assignement;
			productReference = F0C682A01F35B35500352181 /* Assignement.app */;
			productType = "com.apple.product-type.application";
		};
		F0C682B61F35B35500352181 /* AssignementTests */ = {
			isa = PBXNativeTarget;
			buildConfigurationList = F0C682CE1F35B35500352181 /* Build configuration list for PBXNativeTarget "AssignementTests" */;
			buildPhases = (
				F0C682B31F35B35500352181 /* Sources */,
				F0C682B41F35B35500352181 /* Frameworks */,
				F0C682B51F35B35500352181 /* Resources */,
			);
			buildRules = (
			);
			dependencies = (
				F0C682B91F35B35500352181 /* PBXTargetDependency */,
			);
			name = AssignementTests;
			productName = AssignementTests;
			productReference = F0C682B71F35B35500352181 /* AssignementTests.xctest */;
			productType = "com.apple.product-type.bundle.unit-test";
		};
		F0C682C11F35B35500352181 /* AssignementUITests */ = {
			isa = PBXNativeTarget;
			buildConfigurationList = F0C682D11F35B35500352181 /* Build configuration list for PBXNativeTarget "AssignementUITests" */;
			buildPhases = (
				F0C682BE1F35B35500352181 /* Sources */,
				F0C682BF1F35B35500352181 /* Frameworks */,
				F0C682C01F35B35500352181 /* Resources */,
			);
			buildRules = (
			);
			dependencies = (
				F0C682C41F35B35500352181 /* PBXTargetDependency */,
			);
			name = AssignementUITests;
			productName = AssignementUITests;
			productReference = F0C682C21F35B35500352181 /* AssignementUITests.xctest */;
			productType = "com.apple.product-type.bundle.ui-testing";
		};
/* End PBXNativeTarget section */

/* Begin PBXProject section */
		F0C682981F35B35500352181 /* Project object */ = {
			isa = PBXProject;
			attributes = {
				LastSwiftUpdateCheck = 0830;
				LastUpgradeCheck = 0830;
				ORGANIZATIONNAME = "girish potnuru";
				TargetAttributes = {
					F0C6829F1F35B35500352181 = {
						CreatedOnToolsVersion = 8.3.3;
						DevelopmentTeam = NRQ2S5V2KS;
						LastSwiftMigration = 0830;
						ProvisioningStyle = Automatic;
					};
					F0C682B61F35B35500352181 = {
						CreatedOnToolsVersion = 8.3.3;
						DevelopmentTeam = NRQ2S5V2KS;
						ProvisioningStyle = Automatic;
						TestTargetID = F0C6829F1F35B35500352181;
					};
					F0C682C11F35B35500352181 = {
						CreatedOnToolsVersion = 8.3.3;
						DevelopmentTeam = NRQ2S5V2KS;
						ProvisioningStyle = Automatic;
						TestTargetID = F0C6829F1F35B35500352181;
					};
				};
			};
			buildConfigurationList = F0C6829B1F35B35500352181 /* Build configuration list for PBXProject "Assignement" */;
			compatibilityVersion = "Xcode 3.2";
			developmentRegion = English;
			hasScannedForEncodings = 0;
			knownRegions = (
				en,
				Base,
			);
			mainGroup = F0C682971F35B35500352181;
			productRefGroup = F0C682A11F35B35500352181 /* Products */;
			projectDirPath = "";
			projectRoot = "";
			targets = (
				F0C6829F1F35B35500352181 /* Assignement */,
				F0C682B61F35B35500352181 /* AssignementTests */,
				F0C682C11F35B35500352181 /* AssignementUITests */,
			);
		};
/* End PBXProject section */

/* Begin PBXResourcesBuildPhase section */
		F0C6829E1F35B35500352181 /* Resources */ = {
			isa = PBXResourcesBuildPhase;
			buildActionMask = 2147483647;
			files = (
				F0C682B11F35B35500352181 /* LaunchScreen.storyboard in Resources */,
				F0C682DD1F35BAC800352181 /* Database in Resources */,
				F0C682AE1F35B35500352181 /* Assets.xcassets in Resources */,
				F0C682A91F35B35500352181 /* Main.storyboard in Resources */,
			);
			runOnlyForDeploymentPostprocessing = 0;
		};
		F0C682B51F35B35500352181 /* Resources */ = {
			isa = PBXResourcesBuildPhase;
			buildActionMask = 2147483647;
			files = (
			);
			runOnlyForDeploymentPostprocessing = 0;
		};
		F0C682C01F35B35500352181 /* Resources */ = {
			isa = PBXResourcesBuildPhase;
			buildActionMask = 2147483647;
			files = (
			);
			runOnlyForDeploymentPostprocessing = 0;
		};
/* End PBXResourcesBuildPhase section */

/* Begin PBXSourcesBuildPhase section */
		F0C6829C1F35B35500352181 /* Sources */ = {
			isa = PBXSourcesBuildPhase;
			buildActionMask = 2147483647;
			files = (
				F0C682DF1F3638D900352181 /* AddUserViewController.swift in Sources */,
				F0C682D81F35B7C900352181 /* DatabaseManager.swift in Sources */,
				F0C682AC1F35B35500352181 /* Assignement.xcdatamodeld in Sources */,
				F0C682A61F35B35500352181 /* ViewController.swift in Sources */,
				F0C682A41F35B35500352181 /* AppDelegate.swift in Sources */,
			);
			runOnlyForDeploymentPostprocessing = 0;
		};
		F0C682B31F35B35500352181 /* Sources */ = {
			isa = PBXSourcesBuildPhase;
			buildActionMask = 2147483647;
			files = (
				F0C682BC1F35B35500352181 /* AssignementTests.swift in Sources */,
			);
			runOnlyForDeploymentPostprocessing = 0;
		};
		F0C682BE1F35B35500352181 /* Sources */ = {
			isa = PBXSourcesBuildPhase;
			buildActionMask = 2147483647;
			files = (
				F0C682C71F35B35500352181 /* AssignementUITests.swift in Sources */,
			);
			runOnlyForDeploymentPostprocessing = 0;
		};
/* End PBXSourcesBuildPhase section */

/* Begin PBXTargetDependency section */
		F0C682B91F35B35500352181 /* PBXTargetDependency */ = {
			isa = PBXTargetDependency;
			target = F0C6829F1F35B35500352181 /* Assignement */;
			targetProxy = F0C682B81F35B35500352181 /* PBXContainerItemProxy */;
		};
		F0C682C41F35B35500352181 /* PBXTargetDependency */ = {
			isa = PBXTargetDependency;
			target = F0C6829F1F35B35500352181 /* Assignement */;
			targetProxy = F0C682C31F35B35500352181 /* PBXContainerItemProxy */;
		};
/* End PBXTargetDependency section */

/* Begin PBXVariantGroup section */
		F0C682A71F35B35500352181 /* Main.storyboard */ = {
			isa = PBXVariantGroup;
			children = (
				F0C682A81F35B35500352181 /* Base */,
			);
			name = Main.storyboard;
			sourceTree = "<group>";
		};
		F0C682AF1F35B35500352181 /* LaunchScreen.storyboard */ = {
			isa = PBXVariantGroup;
			children = (
				F0C682B01F35B35500352181 /* Base */,
			);
			name = LaunchScreen.storyboard;
			sourceTree = "<group>";
		};
/* End PBXVariantGroup section */

/* Begin XCBuildConfiguration section */
		F0C682C91F35B35500352181 /* Debug */ = {
			isa = XCBuildConfiguration;
			buildSettings = {
				ALWAYS_SEARCH_USER_PATHS = NO;
				CLANG_ANALYZER_NONNULL = YES;
				CLANG_ANALYZER_NUMBER_OBJECT_CONVERSION = YES_AGGRESSIVE;
				CLANG_CXX_LANGUAGE_STANDARD = "gnu++0x";
				CLANG_CXX_LIBRARY = "libc++";
				CLANG_ENABLE_MODULES = YES;
				CLANG_ENABLE_OBJC_ARC = YES;
				CLANG_WARN_BOOL_CONVERSION = YES;
				CLANG_WARN_CONSTANT_CONVERSION = YES;
				CLANG_WARN_DIRECT_OBJC_ISA_USAGE = YES_ERROR;
				CLANG_WARN_DOCUMENTATION_COMMENTS = YES;
				CLANG_WARN_EMPTY_BODY = YES;
				CLANG_WARN_ENUM_CONVERSION = YES;
				CLANG_WARN_INFINITE_RECURSION = YES;
				CLANG_WARN_INT_CONVERSION = YES;
				CLANG_WARN_OBJC_ROOT_CLASS = YES_ERROR;
				CLANG_WARN_SUSPICIOUS_MOVE = YES;
				CLANG_WARN_UNREACHABLE_CODE = YES;
				CLANG_WARN__DUPLICATE_METHOD_MATCH = YES;
				"CODE_SIGN_IDENTITY[sdk=iphoneos*]" = "iPhone Developer";
				COPY_PHASE_STRIP = NO;
				DEBUG_INFORMATION_FORMAT = dwarf;
				ENABLE_STRICT_OBJC_MSGSEND = YES;
				ENABLE_TESTABILITY = YES;
				GCC_C_LANGUAGE_STANDARD = gnu99;
				GCC_DYNAMIC_NO_PIC = NO;
				GCC_NO_COMMON_BLOCKS = YES;
				GCC_OPTIMIZATION_LEVEL = 0;
				GCC_PREPROCESSOR_DEFINITIONS = (
					"DEBUG=1",
					"$(inherited)",
				);
				GCC_WARN_64_TO_32_BIT_CONVERSION = YES;
				GCC_WARN_ABOUT_RETURN_TYPE = YES_ERROR;
				GCC_WARN_UNDECLARED_SELECTOR = YES;
				GCC_WARN_UNINITIALIZED_AUTOS = YES_AGGRESSIVE;
				GCC_WARN_UNUSED_FUNCTION = YES;
				GCC_WARN_UNUSED_VARIABLE = YES;
				IPHONEOS_DEPLOYMENT_TARGET = 10.3;
				MTL_ENABLE_DEBUG_INFO = YES;
				ONLY_ACTIVE_ARCH = YES;
				SDKROOT = iphoneos;
				SWIFT_ACTIVE_COMPILATION_CONDITIONS = DEBUG;
				SWIFT_OPTIMIZATION_LEVEL = "-Onone";
				TARGETED_DEVICE_FAMILY = "1,2";
			};
			name = Debug;
		};
		F0C682CA1F35B35500352181 /* Release */ = {
			isa = XCBuildConfiguration;
			buildSettings = {
				ALWAYS_SEARCH_USER_PATHS = NO;
				CLANG_ANALYZER_NONNULL = YES;
				CLANG_ANALYZER_NUMBER_OBJECT_CONVERSION = YES_AGGRESSIVE;
				CLANG_CXX_LANGUAGE_STANDARD = "gnu++0x";
				CLANG_CXX_LIBRARY = "libc++";
				CLANG_ENABLE_MODULES = YES;
				CLANG_ENABLE_OBJC_ARC = YES;
				CLANG_WARN_BOOL_CONVERSION = YES;
				CLANG_WARN_CONSTANT_CONVERSION = YES;
				CLANG_WARN_DIRECT_OBJC_ISA_USAGE = YES_ERROR;
				CLANG_WARN_DOCUMENTATION_COMMENTS = YES;
				CLANG_WARN_EMPTY_BODY = YES;
				CLANG_WARN_ENUM_CONVERSION = YES;
				CLANG_WARN_INFINITE_RECURSION = YES;
				CLANG_WARN_INT_CONVERSION = YES;
				CLANG_WARN_OBJC_ROOT_CLASS = YES_ERROR;
				CLANG_WARN_SUSPICIOUS_MOVE = YES;
				CLANG_WARN_UNREACHABLE_CODE = YES;
				CLANG_WARN__DUPLICATE_METHOD_MATCH = YES;
				"CODE_SIGN_IDENTITY[sdk=iphoneos*]" = "iPhone Developer";
				COPY_PHASE_STRIP = NO;
				DEBUG_INFORMATION_FORMAT = "dwarf-with-dsym";
				ENABLE_NS_ASSERTIONS = NO;
				ENABLE_STRICT_OBJC_MSGSEND = YES;
				GCC_C_LANGUAGE_STANDARD = gnu99;
				GCC_NO_COMMON_BLOCKS = YES;
				GCC_WARN_64_TO_32_BIT_CONVERSION = YES;
				GCC_WARN_ABOUT_RETURN_TYPE = YES_ERROR;
				GCC_WARN_UNDECLARED_SELECTOR = YES;
				GCC_WARN_UNINITIALIZED_AUTOS = YES_AGGRESSIVE;
				GCC_WARN_UNUSED_FUNCTION = YES;
				GCC_WARN_UNUSED_VARIABLE = YES;
				IPHONEOS_DEPLOYMENT_TARGET = 10.3;
				MTL_ENABLE_DEBUG_INFO = NO;
				SDKROOT = iphoneos;
				SWIFT_OPTIMIZATION_LEVEL = "-Owholemodule";
				TARGETED_DEVICE_FAMILY = "1,2";
				VALIDATE_PRODUCT = YES;
			};
			name = Release;
		};
		F0C682CC1F35B35500352181 /* Debug */ = {
			isa = XCBuildConfiguration;
			buildSettings = {
				ASSETCATALOG_COMPILER_APPICON_NAME = AppIcon;
				CLANG_ENABLE_MODULES = YES;
				DEVELOPMENT_TEAM = NRQ2S5V2KS;
				INFOPLIST_FILE = Assignement/Info.plist;
				LD_RUNPATH_SEARCH_PATHS = "$(inherited) @executable_path/Frameworks";
				PRODUCT_BUNDLE_IDENTIFIER = com.girish.Assignement;
				PRODUCT_NAME = "$(TARGET_NAME)";
				SWIFT_OBJC_BRIDGING_HEADER = "Assignement/Assignement-Bridging-Header.h";
				SWIFT_OPTIMIZATION_LEVEL = "-Onone";
				SWIFT_VERSION = 3.0;
			};
			name = Debug;
		};
		F0C682CD1F35B35500352181 /* Release */ = {
			isa = XCBuildConfiguration;
			buildSettings = {
				ASSETCATALOG_COMPILER_APPICON_NAME = AppIcon;
				CLANG_ENABLE_MODULES = YES;
				DEVELOPMENT_TEAM = NRQ2S5V2KS;
				INFOPLIST_FILE = Assignement/Info.plist;
				LD_RUNPATH_SEARCH_PATHS = "$(inherited) @executable_path/Frameworks";
				PRODUCT_BUNDLE_IDENTIFIER = com.girish.Assignement;
				PRODUCT_NAME = "$(TARGET_NAME)";
				SWIFT_OBJC_BRIDGING_HEADER = "Assignement/Assignement-Bridging-Header.h";
				SWIFT_VERSION = 3.0;
			};
			name = Release;
		};
		F0C682CF1F35B35500352181 /* Debug */ = {
			isa = XCBuildConfiguration;
			buildSettings = {
				ALWAYS_EMBED_SWIFT_STANDARD_LIBRARIES = YES;
				BUNDLE_LOADER = "$(TEST_HOST)";
				DEVELOPMENT_TEAM = NRQ2S5V2KS;
				INFOPLIST_FILE = AssignementTests/Info.plist;
				LD_RUNPATH_SEARCH_PATHS = "$(inherited) @executable_path/Frameworks @loader_path/Frameworks";
				PRODUCT_BUNDLE_IDENTIFIER = com.girish.AssignementTests;
				PRODUCT_NAME = "$(TARGET_NAME)";
				SWIFT_VERSION = 3.0;
				TEST_HOST = "$(BUILT_PRODUCTS_DIR)/Assignement.app/Assignement";
			};
			name = Debug;
		};
		F0C682D01F35B35500352181 /* Release */ = {
			isa = XCBuildConfiguration;
			buildSettings = {
				ALWAYS_EMBED_SWIFT_STANDARD_LIBRARIES = YES;
				BUNDLE_LOADER = "$(TEST_HOST)";
				DEVELOPMENT_TEAM = NRQ2S5V2KS;
				INFOPLIST_FILE = AssignementTests/Info.plist;
				LD_RUNPATH_SEARCH_PATHS = "$(inherited) @executable_path/Frameworks @loader_path/Frameworks";
				PRODUCT_BUNDLE_IDENTIFIER = com.girish.AssignementTests;
				PRODUCT_NAME = "$(TARGET_NAME)";
				SWIFT_VERSION = 3.0;
				TEST_HOST = "$(BUILT_PRODUCTS_DIR)/Assignement.app/Assignement";
			};
			name = Release;
		};
		F0C682D21F35B35500352181 /* Debug */ = {
			isa = XCBuildConfiguration;
			buildSettings = {
				ALWAYS_EMBED_SWIFT_STANDARD_LIBRARIES = YES;
				DEVELOPMENT_TEAM = NRQ2S5V2KS;
				INFOPLIST_FILE = AssignementUITests/Info.plist;
				LD_RUNPATH_SEARCH_PATHS = "$(inherited) @executable_path/Frameworks @loader_path/Frameworks";
				PRODUCT_BUNDLE_IDENTIFIER = com.girish.AssignementUITests;
				PRODUCT_NAME = "$(TARGET_NAME)";
				SWIFT_VERSION = 3.0;
				TEST_TARGET_NAME = Assignement;
			};
			name = Debug;
		};
		F0C682D31F35B35500352181 /* Release */ = {
			isa = XCBuildConfiguration;
			buildSettings = {
				ALWAYS_EMBED_SWIFT_STANDARD_LIBRARIES = YES;
				DEVELOPMENT_TEAM = NRQ2S5V2KS;
				INFOPLIST_FILE = AssignementUITests/Info.plist;
				LD_RUNPATH_SEARCH_PATHS = "$(inherited) @executable_path/Frameworks @loader_path/Frameworks";
				PRODUCT_BUNDLE_IDENTIFIER = com.girish.AssignementUITests;
				PRODUCT_NAME = "$(TARGET_NAME)";
				SWIFT_VERSION = 3.0;
				TEST_TARGET_NAME = Assignement;
			};
			name = Release;
		};
/* End XCBuildConfiguration section */

/* Begin XCConfigurationList section */
		F0C6829B1F35B35500352181 /* Build configuration list for PBXProject "Assignement" */ = {
			isa = XCConfigurationList;
			buildConfigurations = (
				F0C682C91F35B35500352181 /* Debug */,
				F0C682CA1F35B35500352181 /* Release */,
			);
			defaultConfigurationIsVisible = 0;
			defaultConfigurationName = Release;
		};
		F0C682CB1F35B35500352181 /* Build configuration list for PBXNativeTarget "Assignement" */ = {
			isa = XCConfigurationList;
			buildConfigurations = (
				F0C682CC1F35B35500352181 /* Debug */,
				F0C682CD1F35B35500352181 /* Release */,
			);
			defaultConfigurationIsVisible = 0;
		};
		F0C682CE1F35B35500352181 /* Build configuration list for PBXNativeTarget "AssignementTests" */ = {
			isa = XCConfigurationList;
			buildConfigurations = (
				F0C682CF1F35B35500352181 /* Debug */,
				F0C682D01F35B35500352181 /* Release */,
			);
			defaultConfigurationIsVisible = 0;
		};
		F0C682D11F35B35500352181 /* Build configuration list for PBXNativeTarget "AssignementUITests" */ = {
			isa = XCConfigurationList;
			buildConfigurations = (
				F0C682D21F35B35500352181 /* Debug */,
				F0C682D31F35B35500352181 /* Release */,
			);
			defaultConfigurationIsVisible = 0;
		};
/* End XCConfigurationList section */

/* Begin XCVersionGroup section */
		F0C682AA1F35B35500352181 /* Assignement.xcdatamodeld */ = {
			isa = XCVersionGroup;
			children = (
				F0C682AB1F35B35500352181 /* Assignement.xcdatamodel */,
			);
			currentVersion = F0C682AB1F35B35500352181 /* Assignement.xcdatamodel */;
			path = Assignement.xcdatamodeld;
			sourceTree = "<group>";
			versionGroupType = wrapper.xcdatamodel;
		};
/* End XCVersionGroup section */
	};
	rootObject = F0C682981F35B35500352181 /* Project object */;
}
